
Microsoft Visual Studio Solution File, Format Version 12.00
# Visual Studio Version 17
VisualStudioVersion = 17.14.36511.14 d17.14
MinimumVisualStudioVersion = 10.0.40219.1
Project("{FAE04EC0-301F-11D3-BF4B-00C04F79EFBC}") = "Hunie Cam Studio Archipelago Client", "Hunie Cam Studio Archipelago Client\Hunie Cam Studio Archipelago Client.csproj", "{7D81FD98-EA82-409B-9938-CEFECCEE2CBC}"
EndProject
Global
	GlobalSection(SolutionConfigurationPlatforms) = preSolution
		Debug|Any CPU = Debug|Any CPU
		Release|Any CPU = Release|Any CPU
	EndGlobalSection
	GlobalSection(ProjectConfigurationPlatforms) = postSolution
		{7D81FD98-EA82-409B-9938-CEFECCEE2CBC}.Debug|Any CPU.ActiveCfg = Debug|Any CPU
		{7D81FD98-EA82-409B-9938-CEFECCEE2CBC}.Debug|Any CPU.Build.0 = Debug|Any CPU
		{7D81FD98-EA82-409B-9938-CEFECCEE2CBC}.Release|Any CPU.ActiveCfg = Release|Any CPU
		{7D81FD98-EA82-409B-9938-CEFECCEE2CBC}.Release|Any CPU.Build.0 = Release|Any CPU
	EndGlobalSection
	GlobalSection(SolutionProperties) = preSolution
		HideSolutionNode = FALSE
	EndGlobalSection
	GlobalSection(ExtensibilityGlobals) = postSolution
		SolutionGuid = {6BFA1802-2890-441D-9B13-5B144608DF44}
	EndGlobalSection
EndGlobal
